
Microsoft Visual Studio Solution File, Format Version 12.00
# Visual Studio 14
VisualStudioVersion = 14.0.24720.0
MinimumVisualStudioVersion = 10.0.40219.1
Project("{FAE04EC0-301F-11D3-BF4B-00C04F79EFBC}") = "ASP.NET MVC 4.5 Sample", "ASP.NET MVC 4.5 Sample\ASP.NET MVC 4.5 Sample.csproj", "{20F27F98-34D1-49DD-9CFB-659D9C95E6BB}"
EndProject
Global
	GlobalSection(SolutionConfigurationPlatforms) = preSolution
		Debug|Any CPU = Debug|Any CPU
		Final|Any CPU = Final|Any CPU
		Release|Any CPU = Release|Any CPU
	EndGlobalSection
	GlobalSection(ProjectConfigurationPlatforms) = postSolution
		{20F27F98-34D1-49DD-9CFB-659D9C95E6BB}.Debug|Any CPU.ActiveCfg = Debug|Any CPU
		{20F27F98-34D1-49DD-9CFB-659D9C95E6BB}.Debug|Any CPU.Build.0 = Debug|Any CPU
		{20F27F98-34D1-49DD-9CFB-659D9C95E6BB}.Final|Any CPU.ActiveCfg = Release|Any CPU
		{20F27F98-34D1-49DD-9CFB-659D9C95E6BB}.Release|Any CPU.ActiveCfg = Release|Any CPU
		{20F27F98-34D1-49DD-9CFB-659D9C95E6BB}.Release|Any CPU.Build.0 = Release|Any CPU
	EndGlobalSection
	GlobalSection(SolutionProperties) = preSolution
		HideSolutionNode = FALSE
	EndGlobalSection
EndGlobal
