
Microsoft Visual Studio Solution File, Format Version 12.00
# Visual Studio 2013
VisualStudioVersion = 12.0.31101.0
MinimumVisualStudioVersion = 10.0.40219.1
Project("{FAE04EC0-301F-11D3-BF4B-00C04F79EFBC}") = "Owin.Security.Keycloak", "Owin.Security.Keycloak\Owin.Security.Keycloak.csproj", "{16EDD97E-727A-4366-BF79-629295A162D1}"
EndProject
Project("{FAE04EC0-301F-11D3-BF4B-00C04F79EFBC}") = "Sample.KeycloakAuth", "Sample.KeycloakAuth\Sample.KeycloakAuth.csproj", "{B4A55157-66CB-48E0-8B50-5B900BC373E1}"
EndProject
Global
	GlobalSection(SolutionConfigurationPlatforms) = preSolution
		Debug|Any CPU = Debug|Any CPU
		Release|Any CPU = Release|Any CPU
	EndGlobalSection
	GlobalSection(ProjectConfigurationPlatforms) = postSolution
		{16EDD97E-727A-4366-BF79-629295A162D1}.Debug|Any CPU.ActiveCfg = Debug|Any CPU
		{16EDD97E-727A-4366-BF79-629295A162D1}.Debug|Any CPU.Build.0 = Debug|Any CPU
		{16EDD97E-727A-4366-BF79-629295A162D1}.Release|Any CPU.ActiveCfg = Release|Any CPU
		{16EDD97E-727A-4366-BF79-629295A162D1}.Release|Any CPU.Build.0 = Release|Any CPU
		{B4A55157-66CB-48E0-8B50-5B900BC373E1}.Debug|Any CPU.ActiveCfg = Debug|Any CPU
		{B4A55157-66CB-48E0-8B50-5B900BC373E1}.Debug|Any CPU.Build.0 = Debug|Any CPU
		{B4A55157-66CB-48E0-8B50-5B900BC373E1}.Release|Any CPU.ActiveCfg = Release|Any CPU
		{B4A55157-66CB-48E0-8B50-5B900BC373E1}.Release|Any CPU.Build.0 = Release|Any CPU
	EndGlobalSection
	GlobalSection(SolutionProperties) = preSolution
		HideSolutionNode = FALSE
	EndGlobalSection
EndGlobal
